
Microsoft Visual Studio Solution File, Format Version 12.00
# Visual Studio Version 17
VisualStudioVersion = 17.9.34728.123
MinimumVisualStudioVersion = 10.0.40219.1
Project("{9A19103F-16F7-4668-BE54-9A1E7A4F7556}") = "ClienteApi", "ClienteApi\ClienteApi.csproj", "{1CBE9121-BBBD-429E-9BF5-A9FB37125AA1}"
EndProject
Project("{FAE04EC0-301F-11D3-BF4B-00C04F79EFBC}") = "ClienteApi.Tests", "ClienteApi.Tests\ClienteApi.Tests.csproj", "{0F13F6A4-97B0-49C8-9025-D354EAA38284}"
EndProject
Global
	GlobalSection(SolutionConfigurationPlatforms) = preSolution
		Debug|Any CPU = Debug|Any CPU
		Release|Any CPU = Release|Any CPU
	EndGlobalSection
	GlobalSection(ProjectConfigurationPlatforms) = postSolution
		{1CBE9121-BBBD-429E-9BF5-A9FB37125AA1}.Debug|Any CPU.ActiveCfg = Debug|Any CPU
		{1CBE9121-BBBD-429E-9BF5-A9FB37125AA1}.Debug|Any CPU.Build.0 = Debug|Any CPU
		{1CBE9121-BBBD-429E-9BF5-A9FB37125AA1}.Release|Any CPU.ActiveCfg = Release|Any CPU
		{1CBE9121-BBBD-429E-9BF5-A9FB37125AA1}.Release|Any CPU.Build.0 = Release|Any CPU
		{0F13F6A4-97B0-49C8-9025-D354EAA38284}.Debug|Any CPU.ActiveCfg = Debug|Any CPU
		{0F13F6A4-97B0-49C8-9025-D354EAA38284}.Debug|Any CPU.Build.0 = Debug|Any CPU
		{0F13F6A4-97B0-49C8-9025-D354EAA38284}.Release|Any CPU.ActiveCfg = Release|Any CPU
		{0F13F6A4-97B0-49C8-9025-D354EAA38284}.Release|Any CPU.Build.0 = Release|Any CPU
	EndGlobalSection
	GlobalSection(SolutionProperties) = preSolution
		HideSolutionNode = FALSE
	EndGlobalSection
	GlobalSection(ExtensibilityGlobals) = postSolution
		SolutionGuid = {9ADFDAF2-4897-4F26-8A0E-41B646E3816B}
	EndGlobalSection
EndGlobal
